// !$*UTF8*$!
{
	archiveVersion = 1;
	classes = {
	};
	objectVersion = 50;
	objects = {

/* Begin PBXBuildFile section */
		3218E6310DB8C8A1327B0D9E /* libPods-QuizRight.a in Frameworks */ = {isa = PBXBuildFile; fileRef = 0CD551C66DEC73B1C24246A8 /* libPods-QuizRight.a */; };
		7701AF96230E844C00A20F88 /* GameKit.framework in Frameworks */ = {isa = PBXBuildFile; fileRef = 7701AF95230E844C00A20F88 /* GameKit.framework */; };
		7701AF98230ED50E00A20F88 /* HomeScreenVM.swift in Sources */ = {isa = PBXBuildFile; fileRef = 7701AF97230ED50E00A20F88 /* HomeScreenVM.swift */; };
		7701AF9A230EE9F300A20F88 /* LocalRecordsVC.swift in Sources */ = {isa = PBXBuildFile; fileRef = 7701AF99230EE9F300A20F88 /* LocalRecordsVC.swift */; };
		7701AF9C230EEA2600A20F88 /* LocalRecordsView.swift in Sources */ = {isa = PBXBuildFile; fileRef = 7701AF9B230EEA2600A20F88 /* LocalRecordsView.swift */; };
		7701AF9E230EEA4400A20F88 /* LocalRecordsVM.swift in Sources */ = {isa = PBXBuildFile; fileRef = 7701AF9D230EEA4400A20F88 /* LocalRecordsVM.swift */; };
		7701AFA0230EEC9400A20F88 /* LocalRecordsViewCell.swift in Sources */ = {isa = PBXBuildFile; fileRef = 7701AF9F230EEC9400A20F88 /* LocalRecordsViewCell.swift */; };
		7701AFA2230EF60400A20F88 /* StageRecord.swift in Sources */ = {isa = PBXBuildFile; fileRef = 7701AFA1230EF60400A20F88 /* StageRecord.swift */; };
		7727916B2305A3CF0035302E /* DataController.swift in Sources */ = {isa = PBXBuildFile; fileRef = 7727916A2305A3CF0035302E /* DataController.swift */; };
		7727916E2305A6FD0035302E /* StageMO+CoreDataClass.swift in Sources */ = {isa = PBXBuildFile; fileRef = 7727916C2305A6FD0035302E /* StageMO+CoreDataClass.swift */; };
		7727916F2305A6FD0035302E /* StageMO+CoreDataProperties.swift in Sources */ = {isa = PBXBuildFile; fileRef = 7727916D2305A6FD0035302E /* StageMO+CoreDataProperties.swift */; };
		772791732307F7030035302E /* StageStorable.swift in Sources */ = {isa = PBXBuildFile; fileRef = 772791722307F7030035302E /* StageStorable.swift */; };
		772791752307FC7F0035302E /* StageStoreManager.swift in Sources */ = {isa = PBXBuildFile; fileRef = 772791742307FC7F0035302E /* StageStoreManager.swift */; };
		77279179230A7EE90035302E /* StageView.swift in Sources */ = {isa = PBXBuildFile; fileRef = 77279178230A7EE90035302E /* StageView.swift */; };
		7727917B230A93900035302E /* StageGenerator.swift in Sources */ = {isa = PBXBuildFile; fileRef = 7727917A230A93900035302E /* StageGenerator.swift */; };
		7727917D230ACCDD0035302E /* StageFive.swift in Sources */ = {isa = PBXBuildFile; fileRef = 7727917C230ACCDD0035302E /* StageFive.swift */; };
		7727917F230ACE6B0035302E /* StageSix.swift in Sources */ = {isa = PBXBuildFile; fileRef = 7727917E230ACE6B0035302E /* StageSix.swift */; };
		77279181230AE7F40035302E /* StageListViewCell.swift in Sources */ = {isa = PBXBuildFile; fileRef = 77279180230AE7F40035302E /* StageListViewCell.swift */; };
		77279183230BD0750035302E /* StageSeven.swift in Sources */ = {isa = PBXBuildFile; fileRef = 77279182230BD0750035302E /* StageSeven.swift */; };
		77279185230BD1050035302E /* StageEight.swift in Sources */ = {isa = PBXBuildFile; fileRef = 77279184230BD1050035302E /* StageEight.swift */; };
		77279187230BD2BE0035302E /* StageNine.swift in Sources */ = {isa = PBXBuildFile; fileRef = 77279186230BD2BE0035302E /* StageNine.swift */; };
		77279189230BD3C90035302E /* StageTen.swift in Sources */ = {isa = PBXBuildFile; fileRef = 77279188230BD3C90035302E /* StageTen.swift */; };
		774AD3E823059ED4005BA844 /* QuizRight.xcdatamodeld in Sources */ = {isa = PBXBuildFile; fileRef = 774AD3E623059ED4005BA844 /* QuizRight.xcdatamodeld */; };
		776DF7F8230149780054CB99 /* Stageable.swift in Sources */ = {isa = PBXBuildFile; fileRef = 776DF7F7230149780054CB99 /* Stageable.swift */; };
		776DF7FB23014D300054CB99 /* StageVC.swift in Sources */ = {isa = PBXBuildFile; fileRef = 776DF7FA23014D300054CB99 /* StageVC.swift */; };
		776DF7FD230151270054CB99 /* StageListVC.swift in Sources */ = {isa = PBXBuildFile; fileRef = 776DF7FC230151270054CB99 /* StageListVC.swift */; };
		776DF800230168AC0054CB99 /* StageCell.swift in Sources */ = {isa = PBXBuildFile; fileRef = 776DF7FF230168AC0054CB99 /* StageCell.swift */; };
		776DF802230177200054CB99 /* StageOne.swift in Sources */ = {isa = PBXBuildFile; fileRef = 776DF801230177200054CB99 /* StageOne.swift */; };
		776DF80523017A960054CB99 /* StageVM.swift in Sources */ = {isa = PBXBuildFile; fileRef = 776DF80423017A960054CB99 /* StageVM.swift */; };
		776DF8072301881F0054CB99 /* StageTwo.swift in Sources */ = {isa = PBXBuildFile; fileRef = 776DF8062301881F0054CB99 /* StageTwo.swift */; };
		776DF80923018C430054CB99 /* StageListVM.swift in Sources */ = {isa = PBXBuildFile; fileRef = 776DF80823018C430054CB99 /* StageListVM.swift */; };
		776DF80B2301B8AF0054CB99 /* StageThree.swift in Sources */ = {isa = PBXBuildFile; fileRef = 776DF80A2301B8AF0054CB99 /* StageThree.swift */; };
		776DF80E2302BA4A0054CB99 /* UIColorExtensions.swift in Sources */ = {isa = PBXBuildFile; fileRef = 776DF80D2302BA4A0054CB99 /* UIColorExtensions.swift */; };
		776DF810230302850054CB99 /* StageFour.swift in Sources */ = {isa = PBXBuildFile; fileRef = 776DF80F230302850054CB99 /* StageFour.swift */; };
		7774BA8922FC46C000A6DA87 /* AppDelegate.swift in Sources */ = {isa = PBXBuildFile; fileRef = 7774BA8822FC46C000A6DA87 /* AppDelegate.swift */; };
		7774BA8B22FC46C000A6DA87 /* ViewController.swift in Sources */ = {isa = PBXBuildFile; fileRef = 7774BA8A22FC46C000A6DA87 /* ViewController.swift */; };
		7774BA8E22FC46C000A6DA87 /* Main.storyboard in Resources */ = {isa = PBXBuildFile; fileRef = 7774BA8C22FC46C000A6DA87 /* Main.storyboard */; };
		7774BA9022FC46C200A6DA87 /* Assets.xcassets in Resources */ = {isa = PBXBuildFile; fileRef = 7774BA8F22FC46C200A6DA87 /* Assets.xcassets */; };
		7774BA9322FC46C200A6DA87 /* LaunchScreen.storyboard in Resources */ = {isa = PBXBuildFile; fileRef = 7774BA9122FC46C200A6DA87 /* LaunchScreen.storyboard */; };
		7774BA9E22FC46C200A6DA87 /* QuizRightTests.swift in Sources */ = {isa = PBXBuildFile; fileRef = 7774BA9D22FC46C200A6DA87 /* QuizRightTests.swift */; };
		7774BAA922FC46C200A6DA87 /* QuizRightUITests.swift in Sources */ = {isa = PBXBuildFile; fileRef = 7774BAA822FC46C200A6DA87 /* QuizRightUITests.swift */; };
/* End PBXBuildFile section */

/* Begin PBXContainerItemProxy section */
		7774BA9A22FC46C200A6DA87 /* PBXContainerItemProxy */ = {
			isa = PBXContainerItemProxy;
			containerPortal = 7774BA7D22FC46BF00A6DA87 /* Project object */;
			proxyType = 1;
			remoteGlobalIDString = 7774BA8422FC46C000A6DA87;
			remoteInfo = QuizRight;
		};
		7774BAA522FC46C200A6DA87 /* PBXContainerItemProxy */ = {
			isa = PBXContainerItemProxy;
			containerPortal = 7774BA7D22FC46BF00A6DA87 /* Project object */;
			proxyType = 1;
			remoteGlobalIDString = 7774BA8422FC46C000A6DA87;
			remoteInfo = QuizRight;
		};
/* End PBXContainerItemProxy section */

/* Begin PBXFileReference section */
		0CD551C66DEC73B1C24246A8 /* libPods-QuizRight.a */ = {isa = PBXFileReference; explicitFileType = archive.ar; includeInIndex = 0; path = "libPods-QuizRight.a"; sourceTree = BUILT_PRODUCTS_DIR; };
		6F5F75E40EE8482EC53662B6 /* Pods-QuizRight.release.xcconfig */ = {isa = PBXFileReference; includeInIndex = 1; lastKnownFileType = text.xcconfig; name = "Pods-QuizRight.release.xcconfig"; path = "Target Support Files/Pods-QuizRight/Pods-QuizRight.release.xcconfig"; sourceTree = "<group>"; };
		7701AF92230E81E700A20F88 /* QuizRight.entitlements */ = {isa = PBXFileReference; lastKnownFileType = text.plist.entitlements; path = QuizRight.entitlements; sourceTree = "<group>"; };
		7701AF95230E844C00A20F88 /* GameKit.framework */ = {isa = PBXFileReference; lastKnownFileType = wrapper.framework; name = GameKit.framework; path = System/Library/Frameworks/GameKit.framework; sourceTree = SDKROOT; };
		7701AF97230ED50E00A20F88 /* HomeScreenVM.swift */ = {isa = PBXFileReference; lastKnownFileType = sourcecode.swift; path = HomeScreenVM.swift; sourceTree = "<group>"; };
		7701AF99230EE9F300A20F88 /* LocalRecordsVC.swift */ = {isa = PBXFileReference; lastKnownFileType = sourcecode.swift; path = LocalRecordsVC.swift; sourceTree = "<group>"; };
		7701AF9B230EEA2600A20F88 /* LocalRecordsView.swift */ = {isa = PBXFileReference; lastKnownFileType = sourcecode.swift; path = LocalRecordsView.swift; sourceTree = "<group>"; };
		7701AF9D230EEA4400A20F88 /* LocalRecordsVM.swift */ = {isa = PBXFileReference; lastKnownFileType = sourcecode.swift; path = LocalRecordsVM.swift; sourceTree = "<group>"; };
		7701AF9F230EEC9400A20F88 /* LocalRecordsViewCell.swift */ = {isa = PBXFileReference; lastKnownFileType = sourcecode.swift; path = LocalRecordsViewCell.swift; sourceTree = "<group>"; };
		7701AFA1230EF60400A20F88 /* StageRecord.swift */ = {isa = PBXFileReference; lastKnownFileType = sourcecode.swift; path = StageRecord.swift; sourceTree = "<group>"; };
		7727916A2305A3CF0035302E /* DataController.swift */ = {isa = PBXFileReference; lastKnownFileType = sourcecode.swift; path = DataController.swift; sourceTree = "<group>"; };
		7727916C2305A6FD0035302E /* StageMO+CoreDataClass.swift */ = {isa = PBXFileReference; lastKnownFileType = sourcecode.swift; path = "StageMO+CoreDataClass.swift"; sourceTree = "<group>"; };
		7727916D2305A6FD0035302E /* StageMO+CoreDataProperties.swift */ = {isa = PBXFileReference; lastKnownFileType = sourcecode.swift; path = "StageMO+CoreDataProperties.swift"; sourceTree = "<group>"; };
		772791722307F7030035302E /* StageStorable.swift */ = {isa = PBXFileReference; lastKnownFileType = sourcecode.swift; path = StageStorable.swift; sourceTree = "<group>"; };
		772791742307FC7F0035302E /* StageStoreManager.swift */ = {isa = PBXFileReference; lastKnownFileType = sourcecode.swift; path = StageStoreManager.swift; sourceTree = "<group>"; };
		77279178230A7EE90035302E /* StageView.swift */ = {isa = PBXFileReference; lastKnownFileType = sourcecode.swift; path = StageView.swift; sourceTree = "<group>"; };
		7727917A230A93900035302E /* StageGenerator.swift */ = {isa = PBXFileReference; lastKnownFileType = sourcecode.swift; path = StageGenerator.swift; sourceTree = "<group>"; };
		7727917C230ACCDD0035302E /* StageFive.swift */ = {isa = PBXFileReference; lastKnownFileType = sourcecode.swift; path = StageFive.swift; sourceTree = "<group>"; };
		7727917E230ACE6B0035302E /* StageSix.swift */ = {isa = PBXFileReference; lastKnownFileType = sourcecode.swift; path = StageSix.swift; sourceTree = "<group>"; };
		77279180230AE7F40035302E /* StageListViewCell.swift */ = {isa = PBXFileReference; lastKnownFileType = sourcecode.swift; path = StageListViewCell.swift; sourceTree = "<group>"; };
		77279182230BD0750035302E /* StageSeven.swift */ = {isa = PBXFileReference; lastKnownFileType = sourcecode.swift; path = StageSeven.swift; sourceTree = "<group>"; };
		77279184230BD1050035302E /* StageEight.swift */ = {isa = PBXFileReference; lastKnownFileType = sourcecode.swift; path = StageEight.swift; sourceTree = "<group>"; };
		77279186230BD2BE0035302E /* StageNine.swift */ = {isa = PBXFileReference; lastKnownFileType = sourcecode.swift; path = StageNine.swift; sourceTree = "<group>"; };
		77279188230BD3C90035302E /* StageTen.swift */ = {isa = PBXFileReference; lastKnownFileType = sourcecode.swift; path = StageTen.swift; sourceTree = "<group>"; };
		774AD3E723059ED4005BA844 /* QuizRight.xcdatamodel */ = {isa = PBXFileReference; lastKnownFileType = wrapper.xcdatamodel; path = QuizRight.xcdatamodel; sourceTree = "<group>"; };
		776DF7F7230149780054CB99 /* Stageable.swift */ = {isa = PBXFileReference; lastKnownFileType = sourcecode.swift; path = Stageable.swift; sourceTree = "<group>"; };
		776DF7FA23014D300054CB99 /* StageVC.swift */ = {isa = PBXFileReference; lastKnownFileType = sourcecode.swift; path = StageVC.swift; sourceTree = "<group>"; };
		776DF7FC230151270054CB99 /* StageListVC.swift */ = {isa = PBXFileReference; lastKnownFileType = sourcecode.swift; path = StageListVC.swift; sourceTree = "<group>"; };
		776DF7FF230168AC0054CB99 /* StageCell.swift */ = {isa = PBXFileReference; lastKnownFileType = sourcecode.swift; path = StageCell.swift; sourceTree = "<group>"; };
		776DF801230177200054CB99 /* StageOne.swift */ = {isa = PBXFileReference; lastKnownFileType = sourcecode.swift; path = StageOne.swift; sourceTree = "<group>"; };
		776DF80423017A960054CB99 /* StageVM.swift */ = {isa = PBXFileReference; lastKnownFileType = sourcecode.swift; path = StageVM.swift; sourceTree = "<group>"; };
		776DF8062301881F0054CB99 /* StageTwo.swift */ = {isa = PBXFileReference; lastKnownFileType = sourcecode.swift; path = StageTwo.swift; sourceTree = "<group>"; };
		776DF80823018C430054CB99 /* StageListVM.swift */ = {isa = PBXFileReference; lastKnownFileType = sourcecode.swift; path = StageListVM.swift; sourceTree = "<group>"; };
		776DF80A2301B8AF0054CB99 /* StageThree.swift */ = {isa = PBXFileReference; lastKnownFileType = sourcecode.swift; path = StageThree.swift; sourceTree = "<group>"; };
		776DF80D2302BA4A0054CB99 /* UIColorExtensions.swift */ = {isa = PBXFileReference; lastKnownFileType = sourcecode.swift; path = UIColorExtensions.swift; sourceTree = "<group>"; };
		776DF80F230302850054CB99 /* StageFour.swift */ = {isa = PBXFileReference; lastKnownFileType = sourcecode.swift; path = StageFour.swift; sourceTree = "<group>"; };
		7774BA8522FC46C000A6DA87 /* QuizRight.app */ = {isa = PBXFileReference; explicitFileType = wrapper.application; includeInIndex = 0; path = QuizRight.app; sourceTree = BUILT_PRODUCTS_DIR; };
		7774BA8822FC46C000A6DA87 /* AppDelegate.swift */ = {isa = PBXFileReference; lastKnownFileType = sourcecode.swift; path = AppDelegate.swift; sourceTree = "<group>"; };
		7774BA8A22FC46C000A6DA87 /* ViewController.swift */ = {isa = PBXFileReference; lastKnownFileType = sourcecode.swift; path = ViewController.swift; sourceTree = "<group>"; };
		7774BA8D22FC46C000A6DA87 /* Base */ = {isa = PBXFileReference; lastKnownFileType = file.storyboard; name = Base; path = Base.lproj/Main.storyboard; sourceTree = "<group>"; };
		7774BA8F22FC46C200A6DA87 /* Assets.xcassets */ = {isa = PBXFileReference; lastKnownFileType = folder.assetcatalog; path = Assets.xcassets; sourceTree = "<group>"; };
		7774BA9222FC46C200A6DA87 /* Base */ = {isa = PBXFileReference; lastKnownFileType = file.storyboard; name = Base; path = Base.lproj/LaunchScreen.storyboard; sourceTree = "<group>"; };
		7774BA9422FC46C200A6DA87 /* Info.plist */ = {isa = PBXFileReference; lastKnownFileType = text.plist.xml; path = Info.plist; sourceTree = "<group>"; };
		7774BA9922FC46C200A6DA87 /* QuizRightTests.xctest */ = {isa = PBXFileReference; explicitFileType = wrapper.cfbundle; includeInIndex = 0; path = QuizRightTests.xctest; sourceTree = BUILT_PRODUCTS_DIR; };
		7774BA9D22FC46C200A6DA87 /* QuizRightTests.swift */ = {isa = PBXFileReference; lastKnownFileType = sourcecode.swift; path = QuizRightTests.swift; sourceTree = "<group>"; };
		7774BA9F22FC46C200A6DA87 /* Info.plist */ = {isa = PBXFileReference; lastKnownFileType = text.plist.xml; path = Info.plist; sourceTree = "<group>"; };
		7774BAA422FC46C200A6DA87 /* QuizRightUITests.xctest */ = {isa = PBXFileReference; explicitFileType = wrapper.cfbundle; includeInIndex = 0; path = QuizRightUITests.xctest; sourceTree = BUILT_PRODUCTS_DIR; };
		7774BAA822FC46C200A6DA87 /* QuizRightUITests.swift */ = {isa = PBXFileReference; lastKnownFileType = sourcecode.swift; path = QuizRightUITests.swift; sourceTree = "<group>"; };
		7774BAAA22FC46C200A6DA87 /* Info.plist */ = {isa = PBXFileReference; lastKnownFileType = text.plist.xml; path = Info.plist; sourceTree = "<group>"; };
		E7717CA7688AE0F6E238B1DA /* Pods-QuizRight.debug.xcconfig */ = {isa = PBXFileReference; includeInIndex = 1; lastKnownFileType = text.xcconfig; name = "Pods-QuizRight.debug.xcconfig"; path = "Target Support Files/Pods-QuizRight/Pods-QuizRight.debug.xcconfig"; sourceTree = "<group>"; };
/* End PBXFileReference section */

/* Begin PBXFrameworksBuildPhase section */
		7774BA8222FC46C000A6DA87 /* Frameworks */ = {
			isa = PBXFrameworksBuildPhase;
			buildActionMask = 2147483647;
			files = (
				3218E6310DB8C8A1327B0D9E /* libPods-QuizRight.a in Frameworks */,
				7701AF96230E844C00A20F88 /* GameKit.framework in Frameworks */,
			);
			runOnlyForDeploymentPostprocessing = 0;
		};
		7774BA9622FC46C200A6DA87 /* Frameworks */ = {
			isa = PBXFrameworksBuildPhase;
			buildActionMask = 2147483647;
			files = (
			);
			runOnlyForDeploymentPostprocessing = 0;
		};
		7774BAA122FC46C200A6DA87 /* Frameworks */ = {
			isa = PBXFrameworksBuildPhase;
			buildActionMask = 2147483647;
			files = (
			);
			runOnlyForDeploymentPostprocessing = 0;
		};
/* End PBXFrameworksBuildPhase section */

/* Begin PBXGroup section */
		40FA1F3517E9F3B5C372480E /* Frameworks */ = {
			isa = PBXGroup;
			children = (
				7701AF95230E844C00A20F88 /* GameKit.framework */,
				0CD551C66DEC73B1C24246A8 /* libPods-QuizRight.a */,
			);
			name = Frameworks;
			sourceTree = "<group>";
		};
		772791772308416A0035302E /* Data */ = {
			isa = PBXGroup;
			children = (
				7727916A2305A3CF0035302E /* DataController.swift */,
				7727916C2305A6FD0035302E /* StageMO+CoreDataClass.swift */,
				7727916D2305A6FD0035302E /* StageMO+CoreDataProperties.swift */,
				772791722307F7030035302E /* StageStorable.swift */,
				772791742307FC7F0035302E /* StageStoreManager.swift */,
			);
			name = Data;
			path = ../Data;
			sourceTree = "<group>";
		};
		7727918A230E7C660035302E /* Stages */ = {
			isa = PBXGroup;
			children = (
				776DF801230177200054CB99 /* StageOne.swift */,
				776DF8062301881F0054CB99 /* StageTwo.swift */,
				776DF80A2301B8AF0054CB99 /* StageThree.swift */,
				776DF80F230302850054CB99 /* StageFour.swift */,
				7727917C230ACCDD0035302E /* StageFive.swift */,
				7727917E230ACE6B0035302E /* StageSix.swift */,
				77279182230BD0750035302E /* StageSeven.swift */,
				77279184230BD1050035302E /* StageEight.swift */,
				77279186230BD2BE0035302E /* StageNine.swift */,
				77279188230BD3C90035302E /* StageTen.swift */,
			);
			path = Stages;
			sourceTree = "<group>";
		};
		776DF7F62301495E0054CB99 /* Model */ = {
			isa = PBXGroup;
			children = (
				772791772308416A0035302E /* Data */,
				7727918A230E7C660035302E /* Stages */,
				776DF7F7230149780054CB99 /* Stageable.swift */,
				7701AFA1230EF60400A20F88 /* StageRecord.swift */,
			);
			path = Model;
			sourceTree = "<group>";
		};
		776DF7F923014D080054CB99 /* Controller */ = {
			isa = PBXGroup;
			children = (
				776DF7FA23014D300054CB99 /* StageVC.swift */,
				776DF7FC230151270054CB99 /* StageListVC.swift */,
				7727917A230A93900035302E /* StageGenerator.swift */,
				7774BA8A22FC46C000A6DA87 /* ViewController.swift */,
				7701AF99230EE9F300A20F88 /* LocalRecordsVC.swift */,
			);
			path = Controller;
			sourceTree = "<group>";
		};
		776DF7FE2301688E0054CB99 /* View */ = {
			isa = PBXGroup;
			children = (
				776DF7FF230168AC0054CB99 /* StageCell.swift */,
				77279178230A7EE90035302E /* StageView.swift */,
				77279180230AE7F40035302E /* StageListViewCell.swift */,
				7701AF9B230EEA2600A20F88 /* LocalRecordsView.swift */,
				7701AF9F230EEC9400A20F88 /* LocalRecordsViewCell.swift */,
			);
			path = View;
			sourceTree = "<group>";
		};
		776DF80323017A880054CB99 /* ViewModel */ = {
			isa = PBXGroup;
			children = (
				776DF80423017A960054CB99 /* StageVM.swift */,
				776DF80823018C430054CB99 /* StageListVM.swift */,
				7701AF97230ED50E00A20F88 /* HomeScreenVM.swift */,
				7701AF9D230EEA4400A20F88 /* LocalRecordsVM.swift */,
			);
			path = ViewModel;
			sourceTree = "<group>";
		};
		776DF80C2302BA3A0054CB99 /* Extensions */ = {
			isa = PBXGroup;
			children = (
				776DF80D2302BA4A0054CB99 /* UIColorExtensions.swift */,
			);
			path = Extensions;
			sourceTree = "<group>";
		};
		7774BA7C22FC46BF00A6DA87 = {
			isa = PBXGroup;
			children = (
				7774BA8722FC46C000A6DA87 /* QuizRight */,
				7774BA9C22FC46C200A6DA87 /* QuizRightTests */,
				7774BAA722FC46C200A6DA87 /* QuizRightUITests */,
				7774BA8622FC46C000A6DA87 /* Products */,
				B17631A536D4693E70EF73F4 /* Pods */,
				40FA1F3517E9F3B5C372480E /* Frameworks */,
			);
			sourceTree = "<group>";
		};
		7774BA8622FC46C000A6DA87 /* Products */ = {
			isa = PBXGroup;
			children = (
				7774BA8522FC46C000A6DA87 /* QuizRight.app */,
				7774BA9922FC46C200A6DA87 /* QuizRightTests.xctest */,
				7774BAA422FC46C200A6DA87 /* QuizRightUITests.xctest */,
			);
			name = Products;
			sourceTree = "<group>";
		};
		7774BA8722FC46C000A6DA87 /* QuizRight */ = {
			isa = PBXGroup;
			children = (
				7701AF92230E81E700A20F88 /* QuizRight.entitlements */,
				776DF80C2302BA3A0054CB99 /* Extensions */,
				776DF80323017A880054CB99 /* ViewModel */,
				776DF7FE2301688E0054CB99 /* View */,
				776DF7F923014D080054CB99 /* Controller */,
				776DF7F62301495E0054CB99 /* Model */,
				7774BA8822FC46C000A6DA87 /* AppDelegate.swift */,
				7774BA8C22FC46C000A6DA87 /* Main.storyboard */,
				7774BA8F22FC46C200A6DA87 /* Assets.xcassets */,
				7774BA9122FC46C200A6DA87 /* LaunchScreen.storyboard */,
				7774BA9422FC46C200A6DA87 /* Info.plist */,
				774AD3E623059ED4005BA844 /* QuizRight.xcdatamodeld */,
			);
			path = QuizRight;
			sourceTree = "<group>";
		};
		7774BA9C22FC46C200A6DA87 /* QuizRightTests */ = {
			isa = PBXGroup;
			children = (
				7774BA9D22FC46C200A6DA87 /* QuizRightTests.swift */,
				7774BA9F22FC46C200A6DA87 /* Info.plist */,
			);
			path = QuizRightTests;
			sourceTree = "<group>";
		};
		7774BAA722FC46C200A6DA87 /* QuizRightUITests */ = {
			isa = PBXGroup;
			children = (
				7774BAA822FC46C200A6DA87 /* QuizRightUITests.swift */,
				7774BAAA22FC46C200A6DA87 /* Info.plist */,
			);
			path = QuizRightUITests;
			sourceTree = "<group>";
		};
		B17631A536D4693E70EF73F4 /* Pods */ = {
			isa = PBXGroup;
			children = (
				E7717CA7688AE0F6E238B1DA /* Pods-QuizRight.debug.xcconfig */,
				6F5F75E40EE8482EC53662B6 /* Pods-QuizRight.release.xcconfig */,
			);
			path = Pods;
			sourceTree = "<group>";
		};
/* End PBXGroup section */

/* Begin PBXNativeTarget section */
		7774BA8422FC46C000A6DA87 /* QuizRight */ = {
			isa = PBXNativeTarget;
			buildConfigurationList = 7774BAAD22FC46C200A6DA87 /* Build configuration list for PBXNativeTarget "QuizRight" */;
			buildPhases = (
				D19AA10B34F6F5AFAB7BA985 /* [CP] Check Pods Manifest.lock */,
				7774BA8122FC46C000A6DA87 /* Sources */,
				7774BA8222FC46C000A6DA87 /* Frameworks */,
				7774BA8322FC46C000A6DA87 /* Resources */,
			);
			buildRules = (
			);
			dependencies = (
			);
			name = QuizRight;
			productName = QuizRight;
			productReference = 7774BA8522FC46C000A6DA87 /* QuizRight.app */;
			productType = "com.apple.product-type.application";
		};
		7774BA9822FC46C200A6DA87 /* QuizRightTests */ = {
			isa = PBXNativeTarget;
			buildConfigurationList = 7774BAB022FC46C200A6DA87 /* Build configuration list for PBXNativeTarget "QuizRightTests" */;
			buildPhases = (
				7774BA9522FC46C200A6DA87 /* Sources */,
				7774BA9622FC46C200A6DA87 /* Frameworks */,
				7774BA9722FC46C200A6DA87 /* Resources */,
			);
			buildRules = (
			);
			dependencies = (
				7774BA9B22FC46C200A6DA87 /* PBXTargetDependency */,
			);
			name = QuizRightTests;
			productName = QuizRightTests;
			productReference = 7774BA9922FC46C200A6DA87 /* QuizRightTests.xctest */;
			productType = "com.apple.product-type.bundle.unit-test";
		};
		7774BAA322FC46C200A6DA87 /* QuizRightUITests */ = {
			isa = PBXNativeTarget;
			buildConfigurationList = 7774BAB322FC46C200A6DA87 /* Build configuration list for PBXNativeTarget "QuizRightUITests" */;
			buildPhases = (
				7774BAA022FC46C200A6DA87 /* Sources */,
				7774BAA122FC46C200A6DA87 /* Frameworks */,
				7774BAA222FC46C200A6DA87 /* Resources */,
			);
			buildRules = (
			);
			dependencies = (
				7774BAA622FC46C200A6DA87 /* PBXTargetDependency */,
			);
			name = QuizRightUITests;
			productName = QuizRightUITests;
			productReference = 7774BAA422FC46C200A6DA87 /* QuizRightUITests.xctest */;
			productType = "com.apple.product-type.bundle.ui-testing";
		};
/* End PBXNativeTarget section */

/* Begin PBXProject section */
		7774BA7D22FC46BF00A6DA87 /* Project object */ = {
			isa = PBXProject;
			attributes = {
				LastSwiftUpdateCheck = 1020;
				LastUpgradeCheck = 1020;
				ORGANIZATIONNAME = "Red Mayo";
				TargetAttributes = {
					7774BA8422FC46C000A6DA87 = {
						CreatedOnToolsVersion = 10.2.1;
						SystemCapabilities = {
							com.apple.GameCenter.iOS = {
								enabled = 1;
							};
							com.apple.Push = {
								enabled = 1;
							};
						};
					};
					7774BA9822FC46C200A6DA87 = {
						CreatedOnToolsVersion = 10.2.1;
						TestTargetID = 7774BA8422FC46C000A6DA87;
					};
					7774BAA322FC46C200A6DA87 = {
						CreatedOnToolsVersion = 10.2.1;
						TestTargetID = 7774BA8422FC46C000A6DA87;
					};
				};
			};
			buildConfigurationList = 7774BA8022FC46C000A6DA87 /* Build configuration list for PBXProject "QuizRight" */;
			compatibilityVersion = "Xcode 9.3";
			developmentRegion = en;
			hasScannedForEncodings = 0;
			knownRegions = (
				en,
				Base,
			);
			mainGroup = 7774BA7C22FC46BF00A6DA87;
			productRefGroup = 7774BA8622FC46C000A6DA87 /* Products */;
			projectDirPath = "";
			projectRoot = "";
			targets = (
				7774BA8422FC46C000A6DA87 /* QuizRight */,
				7774BA9822FC46C200A6DA87 /* QuizRightTests */,
				7774BAA322FC46C200A6DA87 /* QuizRightUITests */,
			);
		};
/* End PBXProject section */

/* Begin PBXResourcesBuildPhase section */
		7774BA8322FC46C000A6DA87 /* Resources */ = {
			isa = PBXResourcesBuildPhase;
			buildActionMask = 2147483647;
			files = (
				7774BA9322FC46C200A6DA87 /* LaunchScreen.storyboard in Resources */,
				7774BA9022FC46C200A6DA87 /* Assets.xcassets in Resources */,
				7774BA8E22FC46C000A6DA87 /* Main.storyboard in Resources */,
			);
			runOnlyForDeploymentPostprocessing = 0;
		};
		7774BA9722FC46C200A6DA87 /* Resources */ = {
			isa = PBXResourcesBuildPhase;
			buildActionMask = 2147483647;
			files = (
			);
			runOnlyForDeploymentPostprocessing = 0;
		};
		7774BAA222FC46C200A6DA87 /* Resources */ = {
			isa = PBXResourcesBuildPhase;
			buildActionMask = 2147483647;
			files = (
			);
			runOnlyForDeploymentPostprocessing = 0;
		};
/* End PBXResourcesBuildPhase section */

/* Begin PBXShellScriptBuildPhase section */
		D19AA10B34F6F5AFAB7BA985 /* [CP] Check Pods Manifest.lock */ = {
			isa = PBXShellScriptBuildPhase;
			buildActionMask = 2147483647;
			files = (
			);
			inputFileListPaths = (
			);
			inputPaths = (
				"${PODS_PODFILE_DIR_PATH}/Podfile.lock",
				"${PODS_ROOT}/Manifest.lock",
			);
			name = "[CP] Check Pods Manifest.lock";
			outputFileListPaths = (
			);
			outputPaths = (
				"$(DERIVED_FILE_DIR)/Pods-QuizRight-checkManifestLockResult.txt",
			);
			runOnlyForDeploymentPostprocessing = 0;
			shellPath = /bin/sh;
			shellScript = "diff \"${PODS_PODFILE_DIR_PATH}/Podfile.lock\" \"${PODS_ROOT}/Manifest.lock\" > /dev/null\nif [ $? != 0 ] ; then\n    # print error to STDERR\n    echo \"error: The sandbox is not in sync with the Podfile.lock. Run 'pod install' or update your CocoaPods installation.\" >&2\n    exit 1\nfi\n# This output is used by Xcode 'outputs' to avoid re-running this script phase.\necho \"SUCCESS\" > \"${SCRIPT_OUTPUT_FILE_0}\"\n";
			showEnvVarsInLog = 0;
		};
/* End PBXShellScriptBuildPhase section */

/* Begin PBXSourcesBuildPhase section */
		7774BA8122FC46C000A6DA87 /* Sources */ = {
			isa = PBXSourcesBuildPhase;
			buildActionMask = 2147483647;
			files = (
				7727917B230A93900035302E /* StageGenerator.swift in Sources */,
				776DF800230168AC0054CB99 /* StageCell.swift in Sources */,
				77279185230BD1050035302E /* StageEight.swift in Sources */,
				776DF80923018C430054CB99 /* StageListVM.swift in Sources */,
				7727917F230ACE6B0035302E /* StageSix.swift in Sources */,
				776DF7F8230149780054CB99 /* Stageable.swift in Sources */,
				7701AF9C230EEA2600A20F88 /* LocalRecordsView.swift in Sources */,
				776DF80E2302BA4A0054CB99 /* UIColorExtensions.swift in Sources */,
				7701AF9A230EE9F300A20F88 /* LocalRecordsVC.swift in Sources */,
				776DF7FB23014D300054CB99 /* StageVC.swift in Sources */,
				77279189230BD3C90035302E /* StageTen.swift in Sources */,
				77279179230A7EE90035302E /* StageView.swift in Sources */,
				776DF7FD230151270054CB99 /* StageListVC.swift in Sources */,
				772791732307F7030035302E /* StageStorable.swift in Sources */,
				7774BA8B22FC46C000A6DA87 /* ViewController.swift in Sources */,
				7701AF9E230EEA4400A20F88 /* LocalRecordsVM.swift in Sources */,
				7727917D230ACCDD0035302E /* StageFive.swift in Sources */,
				7774BA8922FC46C000A6DA87 /* AppDelegate.swift in Sources */,
				77279187230BD2BE0035302E /* StageNine.swift in Sources */,
				7701AF98230ED50E00A20F88 /* HomeScreenVM.swift in Sources */,
				776DF80B2301B8AF0054CB99 /* StageThree.swift in Sources */,
				7727916F2305A6FD0035302E /* StageMO+CoreDataProperties.swift in Sources */,
				772791752307FC7F0035302E /* StageStoreManager.swift in Sources */,
				7701AFA2230EF60400A20F88 /* StageRecord.swift in Sources */,
				774AD3E823059ED4005BA844 /* QuizRight.xcdatamodeld in Sources */,
				7727916E2305A6FD0035302E /* StageMO+CoreDataClass.swift in Sources */,
				77279183230BD0750035302E /* StageSeven.swift in Sources */,
				7727916B2305A3CF0035302E /* DataController.swift in Sources */,
				776DF802230177200054CB99 /* StageOne.swift in Sources */,
				776DF810230302850054CB99 /* StageFour.swift in Sources */,
				77279181230AE7F40035302E /* StageListViewCell.swift in Sources */,
				7701AFA0230EEC9400A20F88 /* LocalRecordsViewCell.swift in Sources */,
				776DF80523017A960054CB99 /* StageVM.swift in Sources */,
				776DF8072301881F0054CB99 /* StageTwo.swift in Sources */,
			);
			runOnlyForDeploymentPostprocessing = 0;
		};
		7774BA9522FC46C200A6DA87 /* Sources */ = {
			isa = PBXSourcesBuildPhase;
			buildActionMask = 2147483647;
			files = (
				7774BA9E22FC46C200A6DA87 /* QuizRightTests.swift in Sources */,
			);
			runOnlyForDeploymentPostprocessing = 0;
		};
		7774BAA022FC46C200A6DA87 /* Sources */ = {
			isa = PBXSourcesBuildPhase;
			buildActionMask = 2147483647;
			files = (
				7774BAA922FC46C200A6DA87 /* QuizRightUITests.swift in Sources */,
			);
			runOnlyForDeploymentPostprocessing = 0;
		};
/* End PBXSourcesBuildPhase section */

/* Begin PBXTargetDependency section */
		7774BA9B22FC46C200A6DA87 /* PBXTargetDependency */ = {
			isa = PBXTargetDependency;
			target = 7774BA8422FC46C000A6DA87 /* QuizRight */;
			targetProxy = 7774BA9A22FC46C200A6DA87 /* PBXContainerItemProxy */;
		};
		7774BAA622FC46C200A6DA87 /* PBXTargetDependency */ = {
			isa = PBXTargetDependency;
			target = 7774BA8422FC46C000A6DA87 /* QuizRight */;
			targetProxy = 7774BAA522FC46C200A6DA87 /* PBXContainerItemProxy */;
		};
/* End PBXTargetDependency section */

/* Begin PBXVariantGroup section */
		7774BA8C22FC46C000A6DA87 /* Main.storyboard */ = {
			isa = PBXVariantGroup;
			children = (
				7774BA8D22FC46C000A6DA87 /* Base */,
			);
			name = Main.storyboard;
			sourceTree = "<group>";
		};
		7774BA9122FC46C200A6DA87 /* LaunchScreen.storyboard */ = {
			isa = PBXVariantGroup;
			children = (
				7774BA9222FC46C200A6DA87 /* Base */,
			);
			name = LaunchScreen.storyboard;
			sourceTree = "<group>";
		};
/* End PBXVariantGroup section */

/* Begin XCBuildConfiguration section */
		7774BAAB22FC46C200A6DA87 /* Debug */ = {
			isa = XCBuildConfiguration;
			buildSettings = {
				ALWAYS_SEARCH_USER_PATHS = NO;
				CLANG_ANALYZER_NONNULL = YES;
				CLANG_ANALYZER_NUMBER_OBJECT_CONVERSION = YES_AGGRESSIVE;
				CLANG_CXX_LANGUAGE_STANDARD = "gnu++14";
				CLANG_CXX_LIBRARY = "libc++";
				CLANG_ENABLE_MODULES = YES;
				CLANG_ENABLE_OBJC_ARC = YES;
				CLANG_ENABLE_OBJC_WEAK = YES;
				CLANG_WARN_BLOCK_CAPTURE_AUTORELEASING = YES;
				CLANG_WARN_BOOL_CONVERSION = YES;
				CLANG_WARN_COMMA = YES;
				CLANG_WARN_CONSTANT_CONVERSION = YES;
				CLANG_WARN_DEPRECATED_OBJC_IMPLEMENTATIONS = YES;
				CLANG_WARN_DIRECT_OBJC_ISA_USAGE = YES_ERROR;
				CLANG_WARN_DOCUMENTATION_COMMENTS = YES;
				CLANG_WARN_EMPTY_BODY = YES;
				CLANG_WARN_ENUM_CONVERSION = YES;
				CLANG_WARN_INFINITE_RECURSION = YES;
				CLANG_WARN_INT_CONVERSION = YES;
				CLANG_WARN_NON_LITERAL_NULL_CONVERSION = YES;
				CLANG_WARN_OBJC_IMPLICIT_RETAIN_SELF = YES;
				CLANG_WARN_OBJC_LITERAL_CONVERSION = YES;
				CLANG_WARN_OBJC_ROOT_CLASS = YES_ERROR;
				CLANG_WARN_RANGE_LOOP_ANALYSIS = YES;
				CLANG_WARN_STRICT_PROTOTYPES = YES;
				CLANG_WARN_SUSPICIOUS_MOVE = YES;
				CLANG_WARN_UNGUARDED_AVAILABILITY = YES_AGGRESSIVE;
				CLANG_WARN_UNREACHABLE_CODE = YES;
				CLANG_WARN__DUPLICATE_METHOD_MATCH = YES;
				CODE_SIGN_IDENTITY = "iPhone Developer";
				COPY_PHASE_STRIP = NO;
				DEBUG_INFORMATION_FORMAT = dwarf;
				ENABLE_STRICT_OBJC_MSGSEND = YES;
				ENABLE_TESTABILITY = YES;
				GCC_C_LANGUAGE_STANDARD = gnu11;
				GCC_DYNAMIC_NO_PIC = NO;
				GCC_NO_COMMON_BLOCKS = YES;
				GCC_OPTIMIZATION_LEVEL = 0;
				GCC_PREPROCESSOR_DEFINITIONS = (
					"DEBUG=1",
					"$(inherited)",
				);
				GCC_WARN_64_TO_32_BIT_CONVERSION = YES;
				GCC_WARN_ABOUT_RETURN_TYPE = YES_ERROR;
				GCC_WARN_UNDECLARED_SELECTOR = YES;
				GCC_WARN_UNINITIALIZED_AUTOS = YES_AGGRESSIVE;
				GCC_WARN_UNUSED_FUNCTION = YES;
				GCC_WARN_UNUSED_VARIABLE = YES;
				IPHONEOS_DEPLOYMENT_TARGET = 12.2;
				MTL_ENABLE_DEBUG_INFO = INCLUDE_SOURCE;
				MTL_FAST_MATH = YES;
				ONLY_ACTIVE_ARCH = YES;
				SDKROOT = iphoneos;
				SWIFT_ACTIVE_COMPILATION_CONDITIONS = DEBUG;
				SWIFT_OPTIMIZATION_LEVEL = "-Onone";
			};
			name = Debug;
		};
		7774BAAC22FC46C200A6DA87 /* Release */ = {
			isa = XCBuildConfiguration;
			buildSettings = {
				ALWAYS_SEARCH_USER_PATHS = NO;
				CLANG_ANALYZER_NONNULL = YES;
				CLANG_ANALYZER_NUMBER_OBJECT_CONVERSION = YES_AGGRESSIVE;
				CLANG_CXX_LANGUAGE_STANDARD = "gnu++14";
				CLANG_CXX_LIBRARY = "libc++";
				CLANG_ENABLE_MODULES = YES;
				CLANG_ENABLE_OBJC_ARC = YES;
				CLANG_ENABLE_OBJC_WEAK = YES;
				CLANG_WARN_BLOCK_CAPTURE_AUTORELEASING = YES;
				CLANG_WARN_BOOL_CONVERSION = YES;
				CLANG_WARN_COMMA = YES;
				CLANG_WARN_CONSTANT_CONVERSION = YES;
				CLANG_WARN_DEPRECATED_OBJC_IMPLEMENTATIONS = YES;
				CLANG_WARN_DIRECT_OBJC_ISA_USAGE = YES_ERROR;
				CLANG_WARN_DOCUMENTATION_COMMENTS = YES;
				CLANG_WARN_EMPTY_BODY = YES;
				CLANG_WARN_ENUM_CONVERSION = YES;
				CLANG_WARN_INFINITE_RECURSION = YES;
				CLANG_WARN_INT_CONVERSION = YES;
				CLANG_WARN_NON_LITERAL_NULL_CONVERSION = YES;
				CLANG_WARN_OBJC_IMPLICIT_RETAIN_SELF = YES;
				CLANG_WARN_OBJC_LITERAL_CONVERSION = YES;
				CLANG_WARN_OBJC_ROOT_CLASS = YES_ERROR;
				CLANG_WARN_RANGE_LOOP_ANALYSIS = YES;
				CLANG_WARN_STRICT_PROTOTYPES = YES;
				CLANG_WARN_SUSPICIOUS_MOVE = YES;
				CLANG_WARN_UNGUARDED_AVAILABILITY = YES_AGGRESSIVE;
				CLANG_WARN_UNREACHABLE_CODE = YES;
				CLANG_WARN__DUPLICATE_METHOD_MATCH = YES;
				CODE_SIGN_IDENTITY = "iPhone Developer";
				COPY_PHASE_STRIP = NO;
				DEBUG_INFORMATION_FORMAT = "dwarf-with-dsym";
				ENABLE_NS_ASSERTIONS = NO;
				ENABLE_STRICT_OBJC_MSGSEND = YES;
				GCC_C_LANGUAGE_STANDARD = gnu11;
				GCC_NO_COMMON_BLOCKS = YES;
				GCC_WARN_64_TO_32_BIT_CONVERSION = YES;
				GCC_WARN_ABOUT_RETURN_TYPE = YES_ERROR;
				GCC_WARN_UNDECLARED_SELECTOR = YES;
				GCC_WARN_UNINITIALIZED_AUTOS = YES_AGGRESSIVE;
				GCC_WARN_UNUSED_FUNCTION = YES;
				GCC_WARN_UNUSED_VARIABLE = YES;
				IPHONEOS_DEPLOYMENT_TARGET = 12.2;
				MTL_ENABLE_DEBUG_INFO = NO;
				MTL_FAST_MATH = YES;
				SDKROOT = iphoneos;
				SWIFT_COMPILATION_MODE = wholemodule;
				SWIFT_OPTIMIZATION_LEVEL = "-O";
				VALIDATE_PRODUCT = YES;
			};
			name = Release;
		};
		7774BAAE22FC46C200A6DA87 /* Debug */ = {
			isa = XCBuildConfiguration;
			baseConfigurationReference = E7717CA7688AE0F6E238B1DA /* Pods-QuizRight.debug.xcconfig */;
			buildSettings = {
				ASSETCATALOG_COMPILER_APPICON_NAME = AppIcon;
				CODE_SIGN_ENTITLEMENTS = QuizRight/QuizRight.entitlements;
				CODE_SIGN_IDENTITY = "iPhone Developer";
				CODE_SIGN_STYLE = Automatic;
				DEVELOPMENT_TEAM = 69T99HQWYH;
				INFOPLIST_FILE = QuizRight/Info.plist;
				IPHONEOS_DEPLOYMENT_TARGET = 12.0;
				LD_RUNPATH_SEARCH_PATHS = (
					"$(inherited)",
					"@executable_path/Frameworks",
				);
				PRODUCT_BUNDLE_IDENTIFIER = com.mayurreddy.QuizRight;
				PRODUCT_NAME = "$(TARGET_NAME)";
				PROVISIONING_PROFILE_SPECIFIER = "";
				SWIFT_VERSION = 5.0;
				TARGETED_DEVICE_FAMILY = "1,2";
			};
			name = Debug;
		};
		7774BAAF22FC46C200A6DA87 /* Release */ = {
			isa = XCBuildConfiguration;
			baseConfigurationReference = 6F5F75E40EE8482EC53662B6 /* Pods-QuizRight.release.xcconfig */;
			buildSettings = {
				ASSETCATALOG_COMPILER_APPICON_NAME = AppIcon;
				CODE_SIGN_ENTITLEMENTS = QuizRight/QuizRight.entitlements;
				CODE_SIGN_IDENTITY = "iPhone Developer";
				CODE_SIGN_STYLE = Automatic;
				DEVELOPMENT_TEAM = 69T99HQWYH;
				INFOPLIST_FILE = QuizRight/Info.plist;
				IPHONEOS_DEPLOYMENT_TARGET = 12.0;
				LD_RUNPATH_SEARCH_PATHS = (
					"$(inherited)",
					"@executable_path/Frameworks",
				);
				PRODUCT_BUNDLE_IDENTIFIER = com.mayurreddy.QuizRight;
				PRODUCT_NAME = "$(TARGET_NAME)";
				PROVISIONING_PROFILE_SPECIFIER = "";
				SWIFT_VERSION = 5.0;
				TARGETED_DEVICE_FAMILY = "1,2";
			};
			name = Release;
		};
		7774BAB122FC46C200A6DA87 /* Debug */ = {
			isa = XCBuildConfiguration;
			buildSettings = {
				ALWAYS_EMBED_SWIFT_STANDARD_LIBRARIES = YES;
				BUNDLE_LOADER = "$(TEST_HOST)";
				CODE_SIGN_STYLE = Automatic;
				INFOPLIST_FILE = QuizRightTests/Info.plist;
				LD_RUNPATH_SEARCH_PATHS = (
					"$(inherited)",
					"@executable_path/Frameworks",
					"@loader_path/Frameworks",
				);
				PRODUCT_BUNDLE_IDENTIFIER = com.mayur.QuizRightTests;
				PRODUCT_NAME = "$(TARGET_NAME)";
				SWIFT_VERSION = 5.0;
				TARGETED_DEVICE_FAMILY = "1,2";
				TEST_HOST = "$(BUILT_PRODUCTS_DIR)/QuizRight.app/QuizRight";
			};
			name = Debug;
		};
		7774BAB222FC46C200A6DA87 /* Release */ = {
			isa = XCBuildConfiguration;
			buildSettings = {
				ALWAYS_EMBED_SWIFT_STANDARD_LIBRARIES = YES;
				BUNDLE_LOADER = "$(TEST_HOST)";
				CODE_SIGN_STYLE = Automatic;
				INFOPLIST_FILE = QuizRightTests/Info.plist;
				LD_RUNPATH_SEARCH_PATHS = (
					"$(inherited)",
					"@executable_path/Frameworks",
					"@loader_path/Frameworks",
				);
				PRODUCT_BUNDLE_IDENTIFIER = com.mayur.QuizRightTests;
				PRODUCT_NAME = "$(TARGET_NAME)";
				SWIFT_VERSION = 5.0;
				TARGETED_DEVICE_FAMILY = "1,2";
				TEST_HOST = "$(BUILT_PRODUCTS_DIR)/QuizRight.app/QuizRight";
			};
			name = Release;
		};
		7774BAB422FC46C200A6DA87 /* Debug */ = {
			isa = XCBuildConfiguration;
			buildSettings = {
				ALWAYS_EMBED_SWIFT_STANDARD_LIBRARIES = YES;
				CODE_SIGN_STYLE = Automatic;
				INFOPLIST_FILE = QuizRightUITests/Info.plist;
				LD_RUNPATH_SEARCH_PATHS = (
					"$(inherited)",
					"@executable_path/Frameworks",
					"@loader_path/Frameworks",
				);
				PRODUCT_BUNDLE_IDENTIFIER = com.mayur.QuizRightUITests;
				PRODUCT_NAME = "$(TARGET_NAME)";
				SWIFT_VERSION = 5.0;
				TARGETED_DEVICE_FAMILY = "1,2";
				TEST_TARGET_NAME = QuizRight;
			};
			name = Debug;
		};
		7774BAB522FC46C200A6DA87 /* Release */ = {
			isa = XCBuildConfiguration;
			buildSettings = {
				ALWAYS_EMBED_SWIFT_STANDARD_LIBRARIES = YES;
				CODE_SIGN_STYLE = Automatic;
				INFOPLIST_FILE = QuizRightUITests/Info.plist;
				LD_RUNPATH_SEARCH_PATHS = (
					"$(inherited)",
					"@executable_path/Frameworks",
					"@loader_path/Frameworks",
				);
				PRODUCT_BUNDLE_IDENTIFIER = com.mayur.QuizRightUITests;
				PRODUCT_NAME = "$(TARGET_NAME)";
				SWIFT_VERSION = 5.0;
				TARGETED_DEVICE_FAMILY = "1,2";
				TEST_TARGET_NAME = QuizRight;
			};
			name = Release;
		};
/* End XCBuildConfiguration section */

/* Begin XCConfigurationList section */
		7774BA8022FC46C000A6DA87 /* Build configuration list for PBXProject "QuizRight" */ = {
			isa = XCConfigurationList;
			buildConfigurations = (
				7774BAAB22FC46C200A6DA87 /* Debug */,
				7774BAAC22FC46C200A6DA87 /* Release */,
			);
			defaultConfigurationIsVisible = 0;
			defaultConfigurationName = Release;
		};
		7774BAAD22FC46C200A6DA87 /* Build configuration list for PBXNativeTarget "QuizRight" */ = {
			isa = XCConfigurationList;
			buildConfigurations = (
				7774BAAE22FC46C200A6DA87 /* Debug */,
				7774BAAF22FC46C200A6DA87 /* Release */,
			);
			defaultConfigurationIsVisible = 0;
			defaultConfigurationName = Release;
		};
		7774BAB022FC46C200A6DA87 /* Build configuration list for PBXNativeTarget "QuizRightTests" */ = {
			isa = XCConfigurationList;
			buildConfigurations = (
				7774BAB122FC46C200A6DA87 /* Debug */,
				7774BAB222FC46C200A6DA87 /* Release */,
			);
			defaultConfigurationIsVisible = 0;
			defaultConfigurationName = Release;
		};
		7774BAB322FC46C200A6DA87 /* Build configuration list for PBXNativeTarget "QuizRightUITests" */ = {
			isa = XCConfigurationList;
			buildConfigurations = (
				7774BAB422FC46C200A6DA87 /* Debug */,
				7774BAB522FC46C200A6DA87 /* Release */,
			);
			defaultConfigurationIsVisible = 0;
			defaultConfigurationName = Release;
		};
/* End XCConfigurationList section */

/* Begin XCVersionGroup section */
		774AD3E623059ED4005BA844 /* QuizRight.xcdatamodeld */ = {
			isa = XCVersionGroup;
			children = (
				774AD3E723059ED4005BA844 /* QuizRight.xcdatamodel */,
			);
			currentVersion = 774AD3E723059ED4005BA844 /* QuizRight.xcdatamodel */;
			path = QuizRight.xcdatamodeld;
			sourceTree = "<group>";
			versionGroupType = wrapper.xcdatamodel;
		};
/* End XCVersionGroup section */
	};
	rootObject = 7774BA7D22FC46BF00A6DA87 /* Project object */;
}
